
Microsoft Visual Studio Solution File, Format Version 12.00
# Visual Studio Version 17
VisualStudioVersion = 17.13.35605.110 d17.13
MinimumVisualStudioVersion = 10.0.40219.1
Project("{FAE04EC0-301F-11D3-BF4B-00C04F79EFBC}") = "Aboozar", "Aboozar\Aboozar.csproj", "{24D54148-30FF-FEDC-57EA-F9F54950520D}"
EndProject
Project("{FAE04EC0-301F-11D3-BF4B-00C04F79EFBC}") = "Aboozar.AppHost", "Aboozar.AppHost\Aboozar.AppHost.csproj", "{8C604849-33DA-4DC3-BA6C-98C66C6D03CD}"
EndProject
Project("{FAE04EC0-301F-11D3-BF4B-00C04F79EFBC}") = "Aboozar.ServiceDefaults", "Aboozar.ServiceDefaults\Aboozar.ServiceDefaults.csproj", "{967AA923-6783-D23D-1CFB-52B6EC3BFF2B}"
EndProject
Global
	GlobalSection(SolutionConfigurationPlatforms) = preSolution
		Debug|Any CPU = Debug|Any CPU
		Release|Any CPU = Release|Any CPU
	EndGlobalSection
	GlobalSection(ProjectConfigurationPlatforms) = postSolution
		{24D54148-30FF-FEDC-57EA-F9F54950520D}.Debug|Any CPU.ActiveCfg = Debug|Any CPU
		{24D54148-30FF-FEDC-57EA-F9F54950520D}.Debug|Any CPU.Build.0 = Debug|Any CPU
		{24D54148-30FF-FEDC-57EA-F9F54950520D}.Release|Any CPU.ActiveCfg = Release|Any CPU
		{24D54148-30FF-FEDC-57EA-F9F54950520D}.Release|Any CPU.Build.0 = Release|Any CPU
		{8C604849-33DA-4DC3-BA6C-98C66C6D03CD}.Debug|Any CPU.ActiveCfg = Debug|Any CPU
		{8C604849-33DA-4DC3-BA6C-98C66C6D03CD}.Debug|Any CPU.Build.0 = Debug|Any CPU
		{8C604849-33DA-4DC3-BA6C-98C66C6D03CD}.Release|Any CPU.ActiveCfg = Release|Any CPU
		{8C604849-33DA-4DC3-BA6C-98C66C6D03CD}.Release|Any CPU.Build.0 = Release|Any CPU
		{967AA923-6783-D23D-1CFB-52B6EC3BFF2B}.Debug|Any CPU.ActiveCfg = Debug|Any CPU
		{967AA923-6783-D23D-1CFB-52B6EC3BFF2B}.Debug|Any CPU.Build.0 = Debug|Any CPU
		{967AA923-6783-D23D-1CFB-52B6EC3BFF2B}.Release|Any CPU.ActiveCfg = Release|Any CPU
		{967AA923-6783-D23D-1CFB-52B6EC3BFF2B}.Release|Any CPU.Build.0 = Release|Any CPU
	EndGlobalSection
	GlobalSection(SolutionProperties) = preSolution
		HideSolutionNode = FALSE
	EndGlobalSection
	GlobalSection(ExtensibilityGlobals) = postSolution
		SolutionGuid = {D6735B9A-33DD-4E82-966A-C4E07ABE1BC9}
	EndGlobalSection
EndGlobal
